
Microsoft Visual Studio Solution File, Format Version 12.00
# Visual Studio Version 17
VisualStudioVersion = 17.7.34202.233
MinimumVisualStudioVersion = 10.0.40219.1
Project("{FAE04EC0-301F-11D3-BF4B-00C04F79EFBC}") = "4_project_2_try_catch_liczba_calkowita", "4_project_2_try_catch_liczba_calkowita.csproj", "{819D2AFE-24DA-489D-A7C1-132726601309}"
EndProject
Global
	GlobalSection(SolutionConfigurationPlatforms) = preSolution
		Debug|Any CPU = Debug|Any CPU
		Release|Any CPU = Release|Any CPU
	EndGlobalSection
	GlobalSection(ProjectConfigurationPlatforms) = postSolution
		{819D2AFE-24DA-489D-A7C1-132726601309}.Debug|Any CPU.ActiveCfg = Debug|Any CPU
		{819D2AFE-24DA-489D-A7C1-132726601309}.Debug|Any CPU.Build.0 = Debug|Any CPU
		{819D2AFE-24DA-489D-A7C1-132726601309}.Release|Any CPU.ActiveCfg = Release|Any CPU
		{819D2AFE-24DA-489D-A7C1-132726601309}.Release|Any CPU.Build.0 = Release|Any CPU
	EndGlobalSection
	GlobalSection(SolutionProperties) = preSolution
		HideSolutionNode = FALSE
	EndGlobalSection
	GlobalSection(ExtensibilityGlobals) = postSolution
		SolutionGuid = {E30BD987-391C-45D9-A1C5-57302A9D87C2}
	EndGlobalSection
EndGlobal
