
Microsoft Visual Studio Solution File, Format Version 12.00
# Visual Studio Version 17
VisualStudioVersion = 17.9.34622.214
MinimumVisualStudioVersion = 10.0.40219.1
Project("{FAE04EC0-301F-11D3-BF4B-00C04F79EFBC}") = "12_1_dziedziczenie", "12_1_dziedziczenie.csproj", "{2863C73B-F6E9-44B0-AC63-02F600C9C30E}"
EndProject
Global
	GlobalSection(SolutionConfigurationPlatforms) = preSolution
		Debug|Any CPU = Debug|Any CPU
		Release|Any CPU = Release|Any CPU
	EndGlobalSection
	GlobalSection(ProjectConfigurationPlatforms) = postSolution
		{2863C73B-F6E9-44B0-AC63-02F600C9C30E}.Debug|Any CPU.ActiveCfg = Debug|Any CPU
		{2863C73B-F6E9-44B0-AC63-02F600C9C30E}.Debug|Any CPU.Build.0 = Debug|Any CPU
		{2863C73B-F6E9-44B0-AC63-02F600C9C30E}.Release|Any CPU.ActiveCfg = Release|Any CPU
		{2863C73B-F6E9-44B0-AC63-02F600C9C30E}.Release|Any CPU.Build.0 = Release|Any CPU
	EndGlobalSection
	GlobalSection(SolutionProperties) = preSolution
		HideSolutionNode = FALSE
	EndGlobalSection
	GlobalSection(ExtensibilityGlobals) = postSolution
		SolutionGuid = {C74692C9-9A1D-4AE2-BEAA-40DB85EAEA57}
	EndGlobalSection
EndGlobal
