
Microsoft Visual Studio Solution File, Format Version 12.00
# Visual Studio Version 17
VisualStudioVersion = 17.7.34031.279
MinimumVisualStudioVersion = 10.0.40219.1
Project("{FAE04EC0-301F-11D3-BF4B-00C04F79EFBC}") = "3_project", "3_project.csproj", "{76E2E674-7127-4817-8A82-D7ADCF2FA9EE}"
EndProject
Global
	GlobalSection(SolutionConfigurationPlatforms) = preSolution
		Debug|Any CPU = Debug|Any CPU
		Release|Any CPU = Release|Any CPU
	EndGlobalSection
	GlobalSection(ProjectConfigurationPlatforms) = postSolution
		{76E2E674-7127-4817-8A82-D7ADCF2FA9EE}.Debug|Any CPU.ActiveCfg = Debug|Any CPU
		{76E2E674-7127-4817-8A82-D7ADCF2FA9EE}.Debug|Any CPU.Build.0 = Debug|Any CPU
		{76E2E674-7127-4817-8A82-D7ADCF2FA9EE}.Release|Any CPU.ActiveCfg = Release|Any CPU
		{76E2E674-7127-4817-8A82-D7ADCF2FA9EE}.Release|Any CPU.Build.0 = Release|Any CPU
	EndGlobalSection
	GlobalSection(SolutionProperties) = preSolution
		HideSolutionNode = FALSE
	EndGlobalSection
	GlobalSection(ExtensibilityGlobals) = postSolution
		SolutionGuid = {83512A0D-3E98-43A9-8676-0E5ECE9397D6}
	EndGlobalSection
EndGlobal
