
Microsoft Visual Studio Solution File, Format Version 12.00
# Visual Studio Version 17
VisualStudioVersion = 17.8.34330.188
MinimumVisualStudioVersion = 10.0.40219.1
Project("{FAE04EC0-301F-11D3-BF4B-00C04F79EFBC}") = "7_1_slowniki", "7_1_slowniki.csproj", "{2453D78B-B014-44D2-820D-8BDCD6C99620}"
EndProject
Global
	GlobalSection(SolutionConfigurationPlatforms) = preSolution
		Debug|Any CPU = Debug|Any CPU
		Release|Any CPU = Release|Any CPU
	EndGlobalSection
	GlobalSection(ProjectConfigurationPlatforms) = postSolution
		{2453D78B-B014-44D2-820D-8BDCD6C99620}.Debug|Any CPU.ActiveCfg = Debug|Any CPU
		{2453D78B-B014-44D2-820D-8BDCD6C99620}.Debug|Any CPU.Build.0 = Debug|Any CPU
		{2453D78B-B014-44D2-820D-8BDCD6C99620}.Release|Any CPU.ActiveCfg = Release|Any CPU
		{2453D78B-B014-44D2-820D-8BDCD6C99620}.Release|Any CPU.Build.0 = Release|Any CPU
	EndGlobalSection
	GlobalSection(SolutionProperties) = preSolution
		HideSolutionNode = FALSE
	EndGlobalSection
	GlobalSection(ExtensibilityGlobals) = postSolution
		SolutionGuid = {F1D8547C-3B92-4D3B-A23E-49DAC7CC1B02}
	EndGlobalSection
EndGlobal
