
Microsoft Visual Studio Solution File, Format Version 12.00
# Visual Studio Version 17
VisualStudioVersion = 17.7.34024.191
MinimumVisualStudioVersion = 10.0.40219.1
Project("{FAE04EC0-301F-11D3-BF4B-00C04F79EFBC}") = "1_project", "1_project.csproj", "{B3686D1A-295B-472C-AE3D-0356FED9043C}"
EndProject
Global
	GlobalSection(SolutionConfigurationPlatforms) = preSolution
		Debug|Any CPU = Debug|Any CPU
		Release|Any CPU = Release|Any CPU
	EndGlobalSection
	GlobalSection(ProjectConfigurationPlatforms) = postSolution
		{B3686D1A-295B-472C-AE3D-0356FED9043C}.Debug|Any CPU.ActiveCfg = Debug|Any CPU
		{B3686D1A-295B-472C-AE3D-0356FED9043C}.Debug|Any CPU.Build.0 = Debug|Any CPU
		{B3686D1A-295B-472C-AE3D-0356FED9043C}.Release|Any CPU.ActiveCfg = Release|Any CPU
		{B3686D1A-295B-472C-AE3D-0356FED9043C}.Release|Any CPU.Build.0 = Release|Any CPU
	EndGlobalSection
	GlobalSection(SolutionProperties) = preSolution
		HideSolutionNode = FALSE
	EndGlobalSection
	GlobalSection(ExtensibilityGlobals) = postSolution
		SolutionGuid = {399BDCB2-EFF5-4796-8425-94C2B72EA694}
	EndGlobalSection
EndGlobal
