
Microsoft Visual Studio Solution File, Format Version 12.00
# Visual Studio Version 17
VisualStudioVersion = 17.7.34024.191
MinimumVisualStudioVersion = 10.0.40219.1
Project("{FAE04EC0-301F-11D3-BF4B-00C04F79EFBC}") = "2_project_2", "2_project_2.csproj", "{87CC906B-1B80-455C-81B0-3221BE35D201}"
EndProject
Global
	GlobalSection(SolutionConfigurationPlatforms) = preSolution
		Debug|Any CPU = Debug|Any CPU
		Release|Any CPU = Release|Any CPU
	EndGlobalSection
	GlobalSection(ProjectConfigurationPlatforms) = postSolution
		{87CC906B-1B80-455C-81B0-3221BE35D201}.Debug|Any CPU.ActiveCfg = Debug|Any CPU
		{87CC906B-1B80-455C-81B0-3221BE35D201}.Debug|Any CPU.Build.0 = Debug|Any CPU
		{87CC906B-1B80-455C-81B0-3221BE35D201}.Release|Any CPU.ActiveCfg = Release|Any CPU
		{87CC906B-1B80-455C-81B0-3221BE35D201}.Release|Any CPU.Build.0 = Release|Any CPU
	EndGlobalSection
	GlobalSection(SolutionProperties) = preSolution
		HideSolutionNode = FALSE
	EndGlobalSection
	GlobalSection(ExtensibilityGlobals) = postSolution
		SolutionGuid = {05A9EE96-0A6B-40FF-9269-C7D26E027D94}
	EndGlobalSection
EndGlobal
