
Microsoft Visual Studio Solution File, Format Version 12.00
# Visual Studio Version 17
VisualStudioVersion = 17.7.34202.233
MinimumVisualStudioVersion = 10.0.40219.1
Project("{FAE04EC0-301F-11D3-BF4B-00C04F79EFBC}") = "5_project_tablica_dwuwymiarowa_3_wymiarowa_3", "5_project_tablica_dwuwymiarowa_3_wymiarowa_3.csproj", "{CD762D47-4E15-42D6-800E-3AD9AEB2BF03}"
EndProject
Global
	GlobalSection(SolutionConfigurationPlatforms) = preSolution
		Debug|Any CPU = Debug|Any CPU
		Release|Any CPU = Release|Any CPU
	EndGlobalSection
	GlobalSection(ProjectConfigurationPlatforms) = postSolution
		{CD762D47-4E15-42D6-800E-3AD9AEB2BF03}.Debug|Any CPU.ActiveCfg = Debug|Any CPU
		{CD762D47-4E15-42D6-800E-3AD9AEB2BF03}.Debug|Any CPU.Build.0 = Debug|Any CPU
		{CD762D47-4E15-42D6-800E-3AD9AEB2BF03}.Release|Any CPU.ActiveCfg = Release|Any CPU
		{CD762D47-4E15-42D6-800E-3AD9AEB2BF03}.Release|Any CPU.Build.0 = Release|Any CPU
	EndGlobalSection
	GlobalSection(SolutionProperties) = preSolution
		HideSolutionNode = FALSE
	EndGlobalSection
	GlobalSection(ExtensibilityGlobals) = postSolution
		SolutionGuid = {3DCC206F-35FD-40E5-B37C-82D82C772865}
	EndGlobalSection
EndGlobal
