
Microsoft Visual Studio Solution File, Format Version 12.00
# Visual Studio Version 17
VisualStudioVersion = 17.7.34202.233
MinimumVisualStudioVersion = 10.0.40219.1
Project("{FAE04EC0-301F-11D3-BF4B-00C04F79EFBC}") = "4_project_3_try_catch_tablica", "4_project_3_try_catch_tablica.csproj", "{8692C360-AC21-45DB-AB55-446DEA5C90CB}"
EndProject
Global
	GlobalSection(SolutionConfigurationPlatforms) = preSolution
		Debug|Any CPU = Debug|Any CPU
		Release|Any CPU = Release|Any CPU
	EndGlobalSection
	GlobalSection(ProjectConfigurationPlatforms) = postSolution
		{8692C360-AC21-45DB-AB55-446DEA5C90CB}.Debug|Any CPU.ActiveCfg = Debug|Any CPU
		{8692C360-AC21-45DB-AB55-446DEA5C90CB}.Debug|Any CPU.Build.0 = Debug|Any CPU
		{8692C360-AC21-45DB-AB55-446DEA5C90CB}.Release|Any CPU.ActiveCfg = Release|Any CPU
		{8692C360-AC21-45DB-AB55-446DEA5C90CB}.Release|Any CPU.Build.0 = Release|Any CPU
	EndGlobalSection
	GlobalSection(SolutionProperties) = preSolution
		HideSolutionNode = FALSE
	EndGlobalSection
	GlobalSection(ExtensibilityGlobals) = postSolution
		SolutionGuid = {32159E52-C8FD-44EE-A7D6-9C57ADF1BD14}
	EndGlobalSection
EndGlobal
