
Microsoft Visual Studio Solution File, Format Version 12.00
# Visual Studio Version 17
VisualStudioVersion = 17.9.34616.47
MinimumVisualStudioVersion = 10.0.40219.1
Project("{FAE04EC0-301F-11D3-BF4B-00C04F79EFBC}") = "11_1_destruktory", "11_1_destruktory.csproj", "{13B70D46-8433-4647-B73A-CF233ECE0FAE}"
EndProject
Global
	GlobalSection(SolutionConfigurationPlatforms) = preSolution
		Debug|Any CPU = Debug|Any CPU
		Release|Any CPU = Release|Any CPU
	EndGlobalSection
	GlobalSection(ProjectConfigurationPlatforms) = postSolution
		{13B70D46-8433-4647-B73A-CF233ECE0FAE}.Debug|Any CPU.ActiveCfg = Debug|Any CPU
		{13B70D46-8433-4647-B73A-CF233ECE0FAE}.Debug|Any CPU.Build.0 = Debug|Any CPU
		{13B70D46-8433-4647-B73A-CF233ECE0FAE}.Release|Any CPU.ActiveCfg = Release|Any CPU
		{13B70D46-8433-4647-B73A-CF233ECE0FAE}.Release|Any CPU.Build.0 = Release|Any CPU
	EndGlobalSection
	GlobalSection(SolutionProperties) = preSolution
		HideSolutionNode = FALSE
	EndGlobalSection
	GlobalSection(ExtensibilityGlobals) = postSolution
		SolutionGuid = {8CF3FF1B-E9B8-4E35-8356-8B4707D2B819}
	EndGlobalSection
EndGlobal
