
Microsoft Visual Studio Solution File, Format Version 12.00
# Visual Studio Version 17
VisualStudioVersion = 17.7.34202.233
MinimumVisualStudioVersion = 10.0.40219.1
Project("{FAE04EC0-301F-11D3-BF4B-00C04F79EFBC}") = "4_project_3_try_catch_tablica", "4_project_3_try_catch_tablica.csproj", "{551EDDAC-50B8-479F-A261-BEDDD5C28717}"
EndProject
Global
	GlobalSection(SolutionConfigurationPlatforms) = preSolution
		Debug|Any CPU = Debug|Any CPU
		Release|Any CPU = Release|Any CPU
	EndGlobalSection
	GlobalSection(ProjectConfigurationPlatforms) = postSolution
		{551EDDAC-50B8-479F-A261-BEDDD5C28717}.Debug|Any CPU.ActiveCfg = Debug|Any CPU
		{551EDDAC-50B8-479F-A261-BEDDD5C28717}.Debug|Any CPU.Build.0 = Debug|Any CPU
		{551EDDAC-50B8-479F-A261-BEDDD5C28717}.Release|Any CPU.ActiveCfg = Release|Any CPU
		{551EDDAC-50B8-479F-A261-BEDDD5C28717}.Release|Any CPU.Build.0 = Release|Any CPU
	EndGlobalSection
	GlobalSection(SolutionProperties) = preSolution
		HideSolutionNode = FALSE
	EndGlobalSection
	GlobalSection(ExtensibilityGlobals) = postSolution
		SolutionGuid = {21AE47FD-FE83-4B79-BC85-A480F03ADD1C}
	EndGlobalSection
EndGlobal
